// !$*UTF8*$!
{
	archiveVersion = 1;
	classes = {
	};
	objectVersion = 46;
	objects = {

/* Begin PBXBuildFile section */
		65A8346119BFBBBE0084B530 /* Foundation.framework in Frameworks */ = {isa = PBXBuildFile; fileRef = 65A8346019BFBBBE0084B530 /* Foundation.framework */; };
		65A8346319BFBBBE0084B530 /* CoreGraphics.framework in Frameworks */ = {isa = PBXBuildFile; fileRef = 65A8346219BFBBBE0084B530 /* CoreGraphics.framework */; };
		65A8346519BFBBBE0084B530 /* UIKit.framework in Frameworks */ = {isa = PBXBuildFile; fileRef = 65A8346419BFBBBE0084B530 /* UIKit.framework */; };
		65A8346B19BFBBBE0084B530 /* InfoPlist.strings in Resources */ = {isa = PBXBuildFile; fileRef = 65A8346919BFBBBE0084B530 /* InfoPlist.strings */; };
		65A8346D19BFBBBE0084B530 /* main.m in Sources */ = {isa = PBXBuildFile; fileRef = 65A8346C19BFBBBE0084B530 /* main.m */; };
		65A8347119BFBBBE0084B530 /* DLAppDelegate.m in Sources */ = {isa = PBXBuildFile; fileRef = 65A8347019BFBBBE0084B530 /* DLAppDelegate.m */; };
		65A8347419BFBBBE0084B530 /* Main.storyboard in Resources */ = {isa = PBXBuildFile; fileRef = 65A8347219BFBBBE0084B530 /* Main.storyboard */; };
		65A8347719BFBBBE0084B530 /* DLViewController.m in Sources */ = {isa = PBXBuildFile; fileRef = 65A8347619BFBBBE0084B530 /* DLViewController.m */; };
		65A8347919BFBBBE0084B530 /* Images.xcassets in Resources */ = {isa = PBXBuildFile; fileRef = 65A8347819BFBBBE0084B530 /* Images.xcassets */; };
		65A8348019BFBBBE0084B530 /* XCTest.framework in Frameworks */ = {isa = PBXBuildFile; fileRef = 65A8347F19BFBBBE0084B530 /* XCTest.framework */; };
		65A8348119BFBBBE0084B530 /* Foundation.framework in Frameworks */ = {isa = PBXBuildFile; fileRef = 65A8346019BFBBBE0084B530 /* Foundation.framework */; };
		65A8348219BFBBBE0084B530 /* UIKit.framework in Frameworks */ = {isa = PBXBuildFile; fileRef = 65A8346419BFBBBE0084B530 /* UIKit.framework */; };
		65A8348A19BFBBBE0084B530 /* InfoPlist.strings in Resources */ = {isa = PBXBuildFile; fileRef = 65A8348819BFBBBE0084B530 /* InfoPlist.strings */; };
		65A8348C19BFBBBE0084B530 /* Git_TestTests.m in Sources */ = {isa = PBXBuildFile; fileRef = 65A8348B19BFBBBE0084B530 /* Git_TestTests.m */; };
		65A8349719BFC1E80084B530 /* DLTest.m in Sources */ = {isa = PBXBuildFile; fileRef = 65A8349619BFC1E80084B530 /* DLTest.m */; };
/* End PBXBuildFile section */

/* Begin PBXContainerItemProxy section */
		65A8348319BFBBBE0084B530 /* PBXContainerItemProxy */ = {
			isa = PBXContainerItemProxy;
			containerPortal = 65A8345519BFBBBE0084B530 /* Project object */;
			proxyType = 1;
			remoteGlobalIDString = 65A8345C19BFBBBE0084B530;
			remoteInfo = "Git Test";
		};
/* End PBXContainerItemProxy section */

/* Begin PBXFileReference section */
		65A8345D19BFBBBE0084B530 /* Git Test.app */ = {isa = PBXFileReference; explicitFileType = wrapper.application; includeInIndex = 0; path = "Git Test.app"; sourceTree = BUILT_PRODUCTS_DIR; };
		65A8346019BFBBBE0084B530 /* Foundation.framework */ = {isa = PBXFileReference; lastKnownFileType = wrapper.framework; name = Foundation.framework; path = System/Library/Frameworks/Foundation.framework; sourceTree = SDKROOT; };
		65A8346219BFBBBE0084B530 /* CoreGraphics.framework */ = {isa = PBXFileReference; lastKnownFileType = wrapper.framework; name = CoreGraphics.framework; path = System/Library/Frameworks/CoreGraphics.framework; sourceTree = SDKROOT; };
		65A8346419BFBBBE0084B530 /* UIKit.framework */ = {isa = PBXFileReference; lastKnownFileType = wrapper.framework; name = UIKit.framework; path = System/Library/Frameworks/UIKit.framework; sourceTree = SDKROOT; };
		65A8346819BFBBBE0084B530 /* Git Test-Info.plist */ = {isa = PBXFileReference; lastKnownFileType = text.plist.xml; path = "Git Test-Info.plist"; sourceTree = "<group>"; };
		65A8346A19BFBBBE0084B530 /* en */ = {isa = PBXFileReference; lastKnownFileType = text.plist.strings; name = en; path = en.lproj/InfoPlist.strings; sourceTree = "<group>"; };
		65A8346C19BFBBBE0084B530 /* main.m */ = {isa = PBXFileReference; lastKnownFileType = sourcecode.c.objc; path = main.m; sourceTree = "<group>"; };
		65A8346E19BFBBBE0084B530 /* Git Test-Prefix.pch */ = {isa = PBXFileReference; lastKnownFileType = sourcecode.c.h; path = "Git Test-Prefix.pch"; sourceTree = "<group>"; };
		65A8346F19BFBBBE0084B530 /* DLAppDelegate.h */ = {isa = PBXFileReference; lastKnownFileType = sourcecode.c.h; path = DLAppDelegate.h; sourceTree = "<group>"; };
		65A8347019BFBBBE0084B530 /* DLAppDelegate.m */ = {isa = PBXFileReference; lastKnownFileType = sourcecode.c.objc; path = DLAppDelegate.m; sourceTree = "<group>"; };
		65A8347319BFBBBE0084B530 /* Base */ = {isa = PBXFileReference; lastKnownFileType = file.storyboard; name = Base; path = Base.lproj/Main.storyboard; sourceTree = "<group>"; };
		65A8347519BFBBBE0084B530 /* DLViewController.h */ = {isa = PBXFileReference; lastKnownFileType = sourcecode.c.h; path = DLViewController.h; sourceTree = "<group>"; };
		65A8347619BFBBBE0084B530 /* DLViewController.m */ = {isa = PBXFileReference; lastKnownFileType = sourcecode.c.objc; path = DLViewController.m; sourceTree = "<group>"; };
		65A8347819BFBBBE0084B530 /* Images.xcassets */ = {isa = PBXFileReference; lastKnownFileType = folder.assetcatalog; path = Images.xcassets; sourceTree = "<group>"; };
		65A8347E19BFBBBE0084B530 /* Git TestTests.xctest */ = {isa = PBXFileReference; explicitFileType = wrapper.cfbundle; includeInIndex = 0; path = "Git TestTests.xctest"; sourceTree = BUILT_PRODUCTS_DIR; };
		65A8347F19BFBBBE0084B530 /* XCTest.framework */ = {isa = PBXFileReference; lastKnownFileType = wrapper.framework; name = XCTest.framework; path = Library/Frameworks/XCTest.framework; sourceTree = DEVELOPER_DIR; };
		65A8348719BFBBBE0084B530 /* Git TestTests-Info.plist */ = {isa = PBXFileReference; lastKnownFileType = text.plist.xml; path = "Git TestTests-Info.plist"; sourceTree = "<group>"; };
		65A8348919BFBBBE0084B530 /* en */ = {isa = PBXFileReference; lastKnownFileType = text.plist.strings; name = en; path = en.lproj/InfoPlist.strings; sourceTree = "<group>"; };
		65A8348B19BFBBBE0084B530 /* Git_TestTests.m */ = {isa = PBXFileReference; lastKnownFileType = sourcecode.c.objc; path = Git_TestTests.m; sourceTree = "<group>"; };
		65A8349519BFC1E80084B530 /* DLTest.h */ = {isa = PBXFileReference; fileEncoding = 4; lastKnownFileType = sourcecode.c.h; name = DLTest.h; path = ../DLTest.h; sourceTree = "<group>"; };
		65A8349619BFC1E80084B530 /* DLTest.m */ = {isa = PBXFileReference; fileEncoding = 4; lastKnownFileType = sourcecode.c.objc; name = DLTest.m; path = ../DLTest.m; sourceTree = "<group>"; };
/* End PBXFileReference section */

/* Begin PBXFrameworksBuildPhase section */
		65A8345A19BFBBBE0084B530 /* Frameworks */ = {
			isa = PBXFrameworksBuildPhase;
			buildActionMask = 2147483647;
			files = (
				65A8346319BFBBBE0084B530 /* CoreGraphics.framework in Frameworks */,
				65A8346519BFBBBE0084B530 /* UIKit.framework in Frameworks */,
				65A8346119BFBBBE0084B530 /* Foundation.framework in Frameworks */,
			);
			runOnlyForDeploymentPostprocessing = 0;
		};
		65A8347B19BFBBBE0084B530 /* Frameworks */ = {
			isa = PBXFrameworksBuildPhase;
			buildActionMask = 2147483647;
			files = (
				65A8348019BFBBBE0084B530 /* XCTest.framework in Frameworks */,
				65A8348219BFBBBE0084B530 /* UIKit.framework in Frameworks */,
				65A8348119BFBBBE0084B530 /* Foundation.framework in Frameworks */,
			);
			runOnlyForDeploymentPostprocessing = 0;
		};
/* End PBXFrameworksBuildPhase section */

/* Begin PBXGroup section */
		65A8345419BFBBBE0084B530 = {
			isa = PBXGroup;
			children = (
				65A8346619BFBBBE0084B530 /* Git Test */,
				65A8348519BFBBBE0084B530 /* Git TestTests */,
				65A8345F19BFBBBE0084B530 /* Frameworks */,
				65A8345E19BFBBBE0084B530 /* Products */,
			);
			sourceTree = "<group>";
		};
		65A8345E19BFBBBE0084B530 /* Products */ = {
			isa = PBXGroup;
			children = (
				65A8345D19BFBBBE0084B530 /* Git Test.app */,
				65A8347E19BFBBBE0084B530 /* Git TestTests.xctest */,
			);
			name = Products;
			sourceTree = "<group>";
		};
		65A8345F19BFBBBE0084B530 /* Frameworks */ = {
			isa = PBXGroup;
			children = (
				65A8346019BFBBBE0084B530 /* Foundation.framework */,
				65A8346219BFBBBE0084B530 /* CoreGraphics.framework */,
				65A8346419BFBBBE0084B530 /* UIKit.framework */,
				65A8347F19BFBBBE0084B530 /* XCTest.framework */,
			);
			name = Frameworks;
			sourceTree = "<group>";
		};
		65A8346619BFBBBE0084B530 /* Git Test */ = {
			isa = PBXGroup;
			children = (
				65A8349519BFC1E80084B530 /* DLTest.h */,
				65A8349619BFC1E80084B530 /* DLTest.m */,
				65A8346F19BFBBBE0084B530 /* DLAppDelegate.h */,
				65A8347019BFBBBE0084B530 /* DLAppDelegate.m */,
				65A8347219BFBBBE0084B530 /* Main.storyboard */,
				65A8347519BFBBBE0084B530 /* DLViewController.h */,
				65A8347619BFBBBE0084B530 /* DLViewController.m */,
				65A8347819BFBBBE0084B530 /* Images.xcassets */,
				65A8346719BFBBBE0084B530 /* Supporting Files */,
			);
			path = "Git Test";
			sourceTree = "<group>";
		};
		65A8346719BFBBBE0084B530 /* Supporting Files */ = {
			isa = PBXGroup;
			children = (
				65A8346819BFBBBE0084B530 /* Git Test-Info.plist */,
				65A8346919BFBBBE0084B530 /* InfoPlist.strings */,
				65A8346C19BFBBBE0084B530 /* main.m */,
				65A8346E19BFBBBE0084B530 /* Git Test-Prefix.pch */,
			);
			name = "Supporting Files";
			sourceTree = "<group>";
		};
		65A8348519BFBBBE0084B530 /* Git TestTests */ = {
			isa = PBXGroup;
			children = (
				65A8348B19BFBBBE0084B530 /* Git_TestTests.m */,
				65A8348619BFBBBE0084B530 /* Supporting Files */,
			);
			path = "Git TestTests";
			sourceTree = "<group>";
		};
		65A8348619BFBBBE0084B530 /* Supporting Files */ = {
			isa = PBXGroup;
			children = (
				65A8348719BFBBBE0084B530 /* Git TestTests-Info.plist */,
				65A8348819BFBBBE0084B530 /* InfoPlist.strings */,
			);
			name = "Supporting Files";
			sourceTree = "<group>";
		};
/* End PBXGroup section */

/* Begin PBXNativeTarget section */
		65A8345C19BFBBBE0084B530 /* Git Test */ = {
			isa = PBXNativeTarget;
			buildConfigurationList = 65A8348F19BFBBBE0084B530 /* Build configuration list for PBXNativeTarget "Git Test" */;
			buildPhases = (
				65A8345919BFBBBE0084B530 /* Sources */,
				65A8345A19BFBBBE0084B530 /* Frameworks */,
				65A8345B19BFBBBE0084B530 /* Resources */,
			);
			buildRules = (
			);
			dependencies = (
			);
			name = "Git Test";
			productName = "Git Test";
			productReference = 65A8345D19BFBBBE0084B530 /* Git Test.app */;
			productType = "com.apple.product-type.application";
		};
		65A8347D19BFBBBE0084B530 /* Git TestTests */ = {
			isa = PBXNativeTarget;
			buildConfigurationList = 65A8349219BFBBBE0084B530 /* Build configuration list for PBXNativeTarget "Git TestTests" */;
			buildPhases = (
				65A8347A19BFBBBE0084B530 /* Sources */,
				65A8347B19BFBBBE0084B530 /* Frameworks */,
				65A8347C19BFBBBE0084B530 /* Resources */,
			);
			buildRules = (
			);
			dependencies = (
				65A8348419BFBBBE0084B530 /* PBXTargetDependency */,
			);
			name = "Git TestTests";
			productName = "Git TestTests";
			productReference = 65A8347E19BFBBBE0084B530 /* Git TestTests.xctest */;
			productType = "com.apple.product-type.bundle.unit-test";
		};
/* End PBXNativeTarget section */

/* Begin PBXProject section */
		65A8345519BFBBBE0084B530 /* Project object */ = {
			isa = PBXProject;
			attributes = {
				CLASSPREFIX = DL;
				LastUpgradeCheck = 0510;
				ORGANIZATIONNAME = esau.mx;
				TargetAttributes = {
					65A8347D19BFBBBE0084B530 = {
						TestTargetID = 65A8345C19BFBBBE0084B530;
					};
				};
			};
			buildConfigurationList = 65A8345819BFBBBE0084B530 /* Build configuration list for PBXProject "Git Test" */;
			compatibilityVersion = "Xcode 3.2";
			developmentRegion = English;
			hasScannedForEncodings = 0;
			knownRegions = (
				en,
				Base,
			);
			mainGroup = 65A8345419BFBBBE0084B530;
			productRefGroup = 65A8345E19BFBBBE0084B530 /* Products */;
			projectDirPath = "";
			projectRoot = "";
			targets = (
				65A8345C19BFBBBE0084B530 /* Git Test */,
				65A8347D19BFBBBE0084B530 /* Git TestTests */,
			);
		};
/* End PBXProject section */

/* Begin PBXResourcesBuildPhase section */
		65A8345B19BFBBBE0084B530 /* Resources */ = {
			isa = PBXResourcesBuildPhase;
			buildActionMask = 2147483647;
			files = (
				65A8347919BFBBBE0084B530 /* Images.xcassets in Resources */,
				65A8346B19BFBBBE0084B530 /* InfoPlist.strings in Resources */,
				65A8347419BFBBBE0084B530 /* Main.storyboard in Resources */,
			);
			runOnlyForDeploymentPostprocessing = 0;
		};
		65A8347C19BFBBBE0084B530 /* Resources */ = {
			isa = PBXResourcesBuildPhase;
			buildActionMask = 2147483647;
			files = (
				65A8348A19BFBBBE0084B530 /* InfoPlist.strings in Resources */,
			);
			runOnlyForDeploymentPostprocessing = 0;
		};
/* End PBXResourcesBuildPhase section */

/* Begin PBXSourcesBuildPhase section */
		65A8345919BFBBBE0084B530 /* Sources */ = {
			isa = PBXSourcesBuildPhase;
			buildActionMask = 2147483647;
			files = (
				65A8347119BFBBBE0084B530 /* DLAppDelegate.m in Sources */,
				65A8347719BFBBBE0084B530 /* DLViewController.m in Sources */,
				65A8346D19BFBBBE0084B530 /* main.m in Sources */,
				65A8349719BFC1E80084B530 /* DLTest.m in Sources */,
			);
			runOnlyForDeploymentPostprocessing = 0;
		};
		65A8347A19BFBBBE0084B530 /* Sources */ = {
			isa = PBXSourcesBuildPhase;
			buildActionMask = 2147483647;
			files = (
				65A8348C19BFBBBE0084B530 /* Git_TestTests.m in Sources */,
			);
			runOnlyForDeploymentPostprocessing = 0;
		};
/* End PBXSourcesBuildPhase section */

/* Begin PBXTargetDependency section */
		65A8348419BFBBBE0084B530 /* PBXTargetDependency */ = {
			isa = PBXTargetDependency;
			target = 65A8345C19BFBBBE0084B530 /* Git Test */;
			targetProxy = 65A8348319BFBBBE0084B530 /* PBXContainerItemProxy */;
		};
/* End PBXTargetDependency section */

/* Begin PBXVariantGroup section */
		65A8346919BFBBBE0084B530 /* InfoPlist.strings */ = {
			isa = PBXVariantGroup;
			children = (
				65A8346A19BFBBBE0084B530 /* en */,
			);
			name = InfoPlist.strings;
			sourceTree = "<group>";
		};
		65A8347219BFBBBE0084B530 /* Main.storyboard */ = {
			isa = PBXVariantGroup;
			children = (
				65A8347319BFBBBE0084B530 /* Base */,
			);
			name = Main.storyboard;
			sourceTree = "<group>";
		};
		65A8348819BFBBBE0084B530 /* InfoPlist.strings */ = {
			isa = PBXVariantGroup;
			children = (
				65A8348919BFBBBE0084B530 /* en */,
			);
			name = InfoPlist.strings;
			sourceTree = "<group>";
		};
/* End PBXVariantGroup section */

/* Begin XCBuildConfiguration section */
		65A8348D19BFBBBE0084B530 /* Debug */ = {
			isa = XCBuildConfiguration;
			buildSettings = {
				ALWAYS_SEARCH_USER_PATHS = NO;
				CLANG_CXX_LANGUAGE_STANDARD = "gnu++0x";
				CLANG_CXX_LIBRARY = "libc++";
				CLANG_ENABLE_MODULES = YES;
				CLANG_ENABLE_OBJC_ARC = YES;
				CLANG_WARN_BOOL_CONVERSION = YES;
				CLANG_WARN_CONSTANT_CONVERSION = YES;
				CLANG_WARN_DIRECT_OBJC_ISA_USAGE = YES_ERROR;
				CLANG_WARN_EMPTY_BODY = YES;
				CLANG_WARN_ENUM_CONVERSION = YES;
				CLANG_WARN_INT_CONVERSION = YES;
				CLANG_WARN_OBJC_ROOT_CLASS = YES_ERROR;
				CLANG_WARN__DUPLICATE_METHOD_MATCH = YES;
				"CODE_SIGN_IDENTITY[sdk=iphoneos*]" = "iPhone Developer";
				COPY_PHASE_STRIP = NO;
				GCC_C_LANGUAGE_STANDARD = gnu99;
				GCC_DYNAMIC_NO_PIC = NO;
				GCC_OPTIMIZATION_LEVEL = 0;
				GCC_PREPROCESSOR_DEFINITIONS = (
					"DEBUG=1",
					"$(inherited)",
				);
				GCC_SYMBOLS_PRIVATE_EXTERN = NO;
				GCC_WARN_64_TO_32_BIT_CONVERSION = YES;
				GCC_WARN_ABOUT_RETURN_TYPE = YES_ERROR;
				GCC_WARN_UNDECLARED_SELECTOR = YES;
				GCC_WARN_UNINITIALIZED_AUTOS = YES_AGGRESSIVE;
				GCC_WARN_UNUSED_FUNCTION = YES;
				GCC_WARN_UNUSED_VARIABLE = YES;
				IPHONEOS_DEPLOYMENT_TARGET = 7.1;
				ONLY_ACTIVE_ARCH = YES;
				SDKROOT = iphoneos;
			};
			name = Debug;
		};
		65A8348E19BFBBBE0084B530 /* Release */ = {
			isa = XCBuildConfiguration;
			buildSettings = {
				ALWAYS_SEARCH_USER_PATHS = NO;
				CLANG_CXX_LANGUAGE_STANDARD = "gnu++0x";
				CLANG_CXX_LIBRARY = "libc++";
				CLANG_ENABLE_MODULES = YES;
				CLANG_ENABLE_OBJC_ARC = YES;
				CLANG_WARN_BOOL_CONVERSION = YES;
				CLANG_WARN_CONSTANT_CONVERSION = YES;
				CLANG_WARN_DIRECT_OBJC_ISA_USAGE = YES_ERROR;
				CLANG_WARN_EMPTY_BODY = YES;
				CLANG_WARN_ENUM_CONVERSION = YES;
				CLANG_WARN_INT_CONVERSION = YES;
				CLANG_WARN_OBJC_ROOT_CLASS = YES_ERROR;
				CLANG_WARN__DUPLICATE_METHOD_MATCH = YES;
				"CODE_SIGN_IDENTITY[sdk=iphoneos*]" = "iPhone Developer";
				COPY_PHASE_STRIP = YES;
				ENABLE_NS_ASSERTIONS = NO;
				GCC_C_LANGUAGE_STANDARD = gnu99;
				GCC_WARN_64_TO_32_BIT_CONVERSION = YES;
				GCC_WARN_ABOUT_RETURN_TYPE = YES_ERROR;
				GCC_WARN_UNDECLARED_SELECTOR = YES;
				GCC_WARN_UNINITIALIZED_AUTOS = YES_AGGRESSIVE;
				GCC_WARN_UNUSED_FUNCTION = YES;
				GCC_WARN_UNUSED_VARIABLE = YES;
				IPHONEOS_DEPLOYMENT_TARGET = 7.1;
				SDKROOT = iphoneos;
				VALIDATE_PRODUCT = YES;
			};
			name = Release;
		};
		65A8349019BFBBBE0084B530 /* Debug */ = {
			isa = XCBuildConfiguration;
			buildSettings = {
				ASSETCATALOG_COMPILER_APPICON_NAME = AppIcon;
				ASSETCATALOG_COMPILER_LAUNCHIMAGE_NAME = LaunchImage;
				GCC_PRECOMPILE_PREFIX_HEADER = YES;
				GCC_PREFIX_HEADER = "Git Test/Git Test-Prefix.pch";
				INFOPLIST_FILE = "Git Test/Git Test-Info.plist";
				PRODUCT_NAME = "$(TARGET_NAME)";
				WRAPPER_EXTENSION = app;
			};
			name = Debug;
		};
		65A8349119BFBBBE0084B530 /* Release */ = {
			isa = XCBuildConfiguration;
			buildSettings = {
				ASSETCATALOG_COMPILER_APPICON_NAME = AppIcon;
				ASSETCATALOG_COMPILER_LAUNCHIMAGE_NAME = LaunchImage;
				GCC_PRECOMPILE_PREFIX_HEADER = YES;
				GCC_PREFIX_HEADER = "Git Test/Git Test-Prefix.pch";
				INFOPLIST_FILE = "Git Test/Git Test-Info.plist";
				PRODUCT_NAME = "$(TARGET_NAME)";
				WRAPPER_EXTENSION = app;
			};
			name = Release;
		};
		65A8349319BFBBBE0084B530 /* Debug */ = {
			isa = XCBuildConfiguration;
			buildSettings = {
				BUNDLE_LOADER = "$(BUILT_PRODUCTS_DIR)/Git Test.app/Git Test";
				FRAMEWORK_SEARCH_PATHS = (
					"$(SDKROOT)/Developer/Library/Frameworks",
					"$(inherited)",
					"$(DEVELOPER_FRAMEWORKS_DIR)",
				);
				GCC_PRECOMPILE_PREFIX_HEADER = YES;
				GCC_PREFIX_HEADER = "Git Test/Git Test-Prefix.pch";
				GCC_PREPROCESSOR_DEFINITIONS = (
					"DEBUG=1",
					"$(inherited)",
				);
				INFOPLIST_FILE = "Git TestTests/Git TestTests-Info.plist";
				PRODUCT_NAME = "$(TARGET_NAME)";
				TEST_HOST = "$(BUNDLE_LOADER)";
				WRAPPER_EXTENSION = xctest;
			};
			name = Debug;
		};
		65A8349419BFBBBE0084B530 /* Release */ = {
			isa = XCBuildConfiguration;
			buildSettings = {
				BUNDLE_LOADER = "$(BUILT_PRODUCTS_DIR)/Git Test.app/Git Test";
				FRAMEWORK_SEARCH_PATHS = (
					"$(SDKROOT)/Developer/Library/Frameworks",
					"$(inherited)",
					"$(DEVELOPER_FRAMEWORKS_DIR)",
				);
				GCC_PRECOMPILE_PREFIX_HEADER = YES;
				GCC_PREFIX_HEADER = "Git Test/Git Test-Prefix.pch";
				INFOPLIST_FILE = "Git TestTests/Git TestTests-Info.plist";
				PRODUCT_NAME = "$(TARGET_NAME)";
				TEST_HOST = "$(BUNDLE_LOADER)";
				WRAPPER_EXTENSION = xctest;
			};
			name = Release;
		};
/* End XCBuildConfiguration section */

/* Begin XCConfigurationList section */
		65A8345819BFBBBE0084B530 /* Build configuration list for PBXProject "Git Test" */ = {
			isa = XCConfigurationList;
			buildConfigurations = (
				65A8348D19BFBBBE0084B530 /* Debug */,
				65A8348E19BFBBBE0084B530 /* Release */,
			);
			defaultConfigurationIsVisible = 0;
			defaultConfigurationName = Release;
		};
		65A8348F19BFBBBE0084B530 /* Build configuration list for PBXNativeTarget "Git Test" */ = {
			isa = XCConfigurationList;
			buildConfigurations = (
				65A8349019BFBBBE0084B530 /* Debug */,
				65A8349119BFBBBE0084B530 /* Release */,
			);
			defaultConfigurationIsVisible = 0;
		};
		65A8349219BFBBBE0084B530 /* Build configuration list for PBXNativeTarget "Git TestTests" */ = {
			isa = XCConfigurationList;
			buildConfigurations = (
				65A8349319BFBBBE0084B530 /* Debug */,
				65A8349419BFBBBE0084B530 /* Release */,
			);
			defaultConfigurationIsVisible = 0;
		};
/* End XCConfigurationList section */
	};
	rootObject = 65A8345519BFBBBE0084B530 /* Project object */;
}
